
Microsoft Visual Studio Solution File, Format Version 12.00
# Visual Studio Version 17
VisualStudioVersion = 17.9.34728.123
MinimumVisualStudioVersion = 10.0.40219.1
Project("{FAE04EC0-301F-11D3-BF4B-00C04F79EFBC}") = "PublicApi", "PublicApi\PublicApi.csproj", "{242B35D4-DAEF-4093-A940-9F6B646A631E}"
EndProject
Project("{FAE04EC0-301F-11D3-BF4B-00C04F79EFBC}") = "PaymentProcessor", "PaymentProcessor\PaymentProcessor.csproj", "{B2AE8E42-AF0D-4A38-B5D6-374393F8B186}"
EndProject
Global
	GlobalSection(SolutionConfigurationPlatforms) = preSolution
		Debug|Any CPU = Debug|Any CPU
		Release|Any CPU = Release|Any CPU
	EndGlobalSection
	GlobalSection(ProjectConfigurationPlatforms) = postSolution
		{242B35D4-DAEF-4093-A940-9F6B646A631E}.Debug|Any CPU.ActiveCfg = Debug|Any CPU
		{242B35D4-DAEF-4093-A940-9F6B646A631E}.Debug|Any CPU.Build.0 = Debug|Any CPU
		{242B35D4-DAEF-4093-A940-9F6B646A631E}.Release|Any CPU.ActiveCfg = Release|Any CPU
		{242B35D4-DAEF-4093-A940-9F6B646A631E}.Release|Any CPU.Build.0 = Release|Any CPU
		{B2AE8E42-AF0D-4A38-B5D6-374393F8B186}.Debug|Any CPU.ActiveCfg = Debug|Any CPU
		{B2AE8E42-AF0D-4A38-B5D6-374393F8B186}.Debug|Any CPU.Build.0 = Debug|Any CPU
		{B2AE8E42-AF0D-4A38-B5D6-374393F8B186}.Release|Any CPU.ActiveCfg = Release|Any CPU
		{B2AE8E42-AF0D-4A38-B5D6-374393F8B186}.Release|Any CPU.Build.0 = Release|Any CPU
	EndGlobalSection
	GlobalSection(SolutionProperties) = preSolution
		HideSolutionNode = FALSE
	EndGlobalSection
	GlobalSection(ExtensibilityGlobals) = postSolution
		SolutionGuid = {9DAAAAAF-EDEA-44A9-B99A-87DED4088C13}
	EndGlobalSection
EndGlobal
